
Microsoft Visual Studio Solution File, Format Version 12.00
# Visual Studio 15
Project("{FAE04EC0-301F-11D3-BF4B-00C04F79EFBC}") = "NotBlockbuster", "NotBlockbuster\NotBlockbuster.csproj", "{B514D7B8-63D0-4527-A90F-B987232FE94C}"
EndProject
Global
	GlobalSection(SolutionConfigurationPlatforms) = preSolution
		Debug|anycpu = Debug|anycpu
		Release|anycpu = Release|anycpu
	EndGlobalSection
	GlobalSection(ProjectConfigurationPlatforms) = postSolution
		{B514D7B8-63D0-4527-A90F-B987232FE94C}.Debug|anycpu.ActiveCfg = Debug|anycpu
		{B514D7B8-63D0-4527-A90F-B987232FE94C}.Debug|anycpu.Build.0 = Debug|anycpu
		{B514D7B8-63D0-4527-A90F-B987232FE94C}.Release|anycpu.ActiveCfg = Release|anycpu
		{B514D7B8-63D0-4527-A90F-B987232FE94C}.Release|anycpu.Build.0 = Release|anycpu
	EndGlobalSection
EndGlobal
